{
    "_readme": [
        "This file locks the dependencies of your project to a known state",
        "Read more about it at https://getcomposer.org/doc/01-basic-usage.md#composer-lock-the-lock-file",
        "This file is @generated automatically"
    ],
    "hash": "be031b96880af3bc4b979604e87e339d",
    "content-hash": "5b23caefbde549be10b333770a0f115f",
    "packages": [
        {
            "name": "thru.io/active_record",
            "version": "0.4.0",
            "source": {
                "type": "git",
                "url": "https://github.com/Thruio/ActiveRecord.git",
                "reference": "cc1b68fc64b881609e6a1dbdeb7dcacc0b8e2f41"
            },
            "dist": {
                "type": "zip",
                "url": "https://api.github.com/repos/Thruio/ActiveRecord/zipball/cc1b68fc64b881609e6a1dbdeb7dcacc0b8e2f41",
                "reference": "cc1b68fc64b881609e6a1dbdeb7dcacc0b8e2f41",
                "shasum": ""
            },
            "require": {
                "thru.io/json-pretty-printer": "1.0.*",
                "thru.io/uuid": "1.0"
            },
            "require-dev": {
                "brianium/paratest": "dev-master",
                "codeclimate/php-test-reporter": "dev-master",
                "fiunchinho/phpunit-randomizer": "dev-master",
                "fzaninotto/faker": "1.5.*@dev",
                "johnkary/phpunit-speedtrap": "~1.0@dev",
                "lstrojny/phpunit-clever-and-smart": "0.*",
                "monolog/monolog": ">=1.6.0",
                "phpunit/phpunit": ">=4.7",
                "raveren/kint": "dev-master",
                "squizlabs/php_codesniffer": "*"
            },
            "type": "library",
            "autoload": {
                "psr-4": {
                    "Thru\\ActiveRecord\\": "src"
                }
            },
            "notification-url": "https://packagist.org/downloads/",
            "authors": [
                {
                    "name": "Matthew Baggett",
                    "email": "matthew@baggett.me"
                }
            ],
            "description": "An active-record like implementation",
            "time": "2015-07-08 18:20:35"
        },
        {
            "name": "thru.io/json-pretty-printer",
            "version": "1.0.0",
            "source": {
                "type": "git",
                "url": "https://github.com/Thruio/JsonPrettyPrinter.git",
                "reference": "44f00ec368590c184faccbdbb395caa2aa6b080b"
            },
            "dist": {
                "type": "zip",
                "url": "https://api.github.com/repos/Thruio/JsonPrettyPrinter/zipball/44f00ec368590c184faccbdbb395caa2aa6b080b",
                "reference": "44f00ec368590c184faccbdbb395caa2aa6b080b",
                "shasum": ""
            },
            "require-dev": {
                "codeclimate/php-test-reporter": "dev-master",
                "phpunit/phpunit": "*"
            },
            "type": "library",
            "autoload": {
                "psr-0": {
                    "Thru\\JsonPrettyPrinter\\": ""
                }
            },
            "notification-url": "https://packagist.org/downloads/",
            "license": [
                "GPL V2"
            ],
            "authors": [
                {
                    "name": "Matthew Baggett",
                    "email": "matthew@baggett.me"
                }
            ],
            "description": "A simple, well-tested JSON pretty printer and related stuff",
            "time": "2015-02-18 10:41:12"
        },
        {
            "name": "thru.io/uuid",
            "version": "v1.0",
            "source": {
                "type": "git",
                "url": "https://github.com/Thruio/UUID.git",
                "reference": "ab0e9d29a744fcb42826b7c78a7220fb3afdc2ba"
            },
            "dist": {
                "type": "zip",
                "url": "https://api.github.com/repos/Thruio/UUID/zipball/ab0e9d29a744fcb42826b7c78a7220fb3afdc2ba",
                "reference": "ab0e9d29a744fcb42826b7c78a7220fb3afdc2ba",
                "shasum": ""
            },
            "require-dev": {
                "codeclimate/php-test-reporter": "dev-master",
                "phpunit/phpunit": "*"
            },
            "type": "library",
            "autoload": {
                "psr-0": {
                    "Thru\\": ""
                }
            },
            "notification-url": "https://packagist.org/downloads/",
            "authors": [
                {
                    "name": "Matthew Baggett",
                    "email": "matthew@baggett.me"
                }
            ],
            "description": "A nice little library to interact with UUIDs",
            "time": "2015-02-15 11:30:33"
        }
    ],
    "packages-dev": [],
    "aliases": [],
    "minimum-stability": "stable",
    "stability-flags": [],
    "prefer-stable": false,
    "prefer-lowest": false,
    "platform": [],
    "platform-dev": []
}
